
Microsoft Visual Studio Solution File, Format Version 12.00
# Visual Studio 15
VisualStudioVersion = 15.0.28010.2026
MinimumVisualStudioVersion = 10.0.40219.1
Project("{FAE04EC0-301F-11D3-BF4B-00C04F79EFBC}") = "War", "War\War.csproj", "{B23CB767-8A25-428D-A937-8CAC993C3112}"
EndProject
Global
	GlobalSection(SolutionConfigurationPlatforms) = preSolution
		Debug|Any CPU = Debug|Any CPU
		Release|Any CPU = Release|Any CPU
	EndGlobalSection
	GlobalSection(ProjectConfigurationPlatforms) = postSolution
		{B23CB767-8A25-428D-A937-8CAC993C3112}.Debug|Any CPU.ActiveCfg = Debug|Any CPU
		{B23CB767-8A25-428D-A937-8CAC993C3112}.Debug|Any CPU.Build.0 = Debug|Any CPU
		{B23CB767-8A25-428D-A937-8CAC993C3112}.Release|Any CPU.ActiveCfg = Release|Any CPU
		{B23CB767-8A25-428D-A937-8CAC993C3112}.Release|Any CPU.Build.0 = Release|Any CPU
	EndGlobalSection
	GlobalSection(SolutionProperties) = preSolution
		HideSolutionNode = FALSE
	EndGlobalSection
	GlobalSection(ExtensibilityGlobals) = postSolution
		SolutionGuid = {92A90360-32C0-4571-8CFA-C7F652981BD3}
	EndGlobalSection
EndGlobal
